# @generated by Move, please check-in and do not edit manually.

[move]
version = 2
manifest_digest = "B8493FF1C79D5EF04ED31334795D3D42F66F57C15A856D09D6BE51BE5657FF8A"
deps_digest = "F8BBB0CCB2491CA29A3DF03D6F92277A4F3574266507ACD77214D37ECA3F3082"
dependencies = [
  { name = "Sui" },
]

[[move.package]]
name = "MoveStdlib"
source = { git = "https://github.com/MystenLabs/sui.git", rev = "framework/devnet", subdir = "crates/sui-framework/packages/move-stdlib" }

[[move.package]]
name = "Sui"
source = { git = "https://github.com/MystenLabs/sui.git", rev = "framework/devnet", subdir = "crates/sui-framework/packages/sui-framework" }

dependencies = [
  { name = "MoveStdlib" },
]

[move.toolchain-version]
compiler-version = "1.24.0"
edition = "2024.beta"
flavor = "sui"

[env]

[env.testnet]
chain-id = "4c78adac"
original-published-id = "0xb4e8d5efec64ce16119d48bcea42a33cf8e63e9e5023a161be1959ebc27e9bfb"
latest-published-id = "0xb4e8d5efec64ce16119d48bcea42a33cf8e63e9e5023a161be1959ebc27e9bfb"
published-version = "1"
